
Microsoft Visual Studio Solution File, Format Version 12.00
# Visual Studio Version 17
VisualStudioVersion = 17.5.33516.290
MinimumVisualStudioVersion = 10.0.40219.1
Project("{FAE04EC0-301F-11D3-BF4B-00C04F79EFBC}") = "TwoSumOpt", "TwoSumOpt\TwoSumOpt.csproj", "{15511606-D319-4345-BA71-2480B27A42D1}"
EndProject
Project("{2150E333-8FDC-42A3-9474-1A3956D46DE8}") = "Tests", "Tests", "{EEB0A6B8-933B-4591-B69E-F2AB24F1009B}"
	ProjectSection(SolutionItems) = preProject
		TwoSumTests.cs = TwoSumTests.cs
	EndProjectSection
EndProject
Global
	GlobalSection(SolutionConfigurationPlatforms) = preSolution
		Debug|Any CPU = Debug|Any CPU
		Release|Any CPU = Release|Any CPU
	EndGlobalSection
	GlobalSection(ProjectConfigurationPlatforms) = postSolution
		{15511606-D319-4345-BA71-2480B27A42D1}.Debug|Any CPU.ActiveCfg = Debug|Any CPU
		{15511606-D319-4345-BA71-2480B27A42D1}.Debug|Any CPU.Build.0 = Debug|Any CPU
		{15511606-D319-4345-BA71-2480B27A42D1}.Release|Any CPU.ActiveCfg = Release|Any CPU
		{15511606-D319-4345-BA71-2480B27A42D1}.Release|Any CPU.Build.0 = Release|Any CPU
	EndGlobalSection
	GlobalSection(SolutionProperties) = preSolution
		HideSolutionNode = FALSE
	EndGlobalSection
	GlobalSection(ExtensibilityGlobals) = postSolution
		SolutionGuid = {F5D228F3-FD39-43E2-94BF-0A6FE905717E}
	EndGlobalSection
EndGlobal
